
Microsoft Visual Studio Solution File, Format Version 12.00
# Visual Studio Version 17
VisualStudioVersion = 17.9.34723.18
MinimumVisualStudioVersion = 10.0.40219.1
Project("{8BC9CEB8-8B4A-11D0-8D11-00A0C91BC942}") = "LearnOpenGL", "LearnOpenGL.vcxproj", "{B768FE04-4332-40CE-957E-D7A59261C81A}"
EndProject
Global
	GlobalSection(SolutionConfigurationPlatforms) = preSolution
		Debug|x64 = Debug|x64
		Debug|x86 = Debug|x86
		Release|x64 = Release|x64
		Release|x86 = Release|x86
	EndGlobalSection
	GlobalSection(ProjectConfigurationPlatforms) = postSolution
		{B768FE04-4332-40CE-957E-D7A59261C81A}.Debug|x64.ActiveCfg = Debug|x64
		{B768FE04-4332-40CE-957E-D7A59261C81A}.Debug|x64.Build.0 = Debug|x64
		{B768FE04-4332-40CE-957E-D7A59261C81A}.Debug|x86.ActiveCfg = Debug|Win32
		{B768FE04-4332-40CE-957E-D7A59261C81A}.Debug|x86.Build.0 = Debug|Win32
		{B768FE04-4332-40CE-957E-D7A59261C81A}.Release|x64.ActiveCfg = Release|x64
		{B768FE04-4332-40CE-957E-D7A59261C81A}.Release|x64.Build.0 = Release|x64
		{B768FE04-4332-40CE-957E-D7A59261C81A}.Release|x86.ActiveCfg = Release|Win32
		{B768FE04-4332-40CE-957E-D7A59261C81A}.Release|x86.Build.0 = Release|Win32
	EndGlobalSection
	GlobalSection(SolutionProperties) = preSolution
		HideSolutionNode = FALSE
	EndGlobalSection
	GlobalSection(ExtensibilityGlobals) = postSolution
		SolutionGuid = {BE1FEB87-FDE4-40D3-A94A-85038D499FC0}
	EndGlobalSection
EndGlobal
